
Microsoft Visual Studio Solution File, Format Version 12.00
# Visual Studio Version 16
VisualStudioVersion = 16.0.29613.14
MinimumVisualStudioVersion = 10.0.40219.1
Project("{FAE04EC0-301F-11D3-BF4B-00C04F79EFBC}") = "DuRevitTools", "DuRevitTools\DuRevitTools.csproj", "{DB5CD60F-3BDB-41B8-BBB6-5B07A29B303C}"
EndProject
Project("{FAE04EC0-301F-11D3-BF4B-00C04F79EFBC}") = "DuRevitToolsTests", "DuRevitToolsTests\DuRevitToolsTests.csproj", "{B4EA498E-D926-43CB-8218-9F51C20BD896}"
EndProject
Project("{2150E333-8FDC-42A3-9474-1A3956D46DE8}") = "test", "test", "{ACFBA0CC-3E11-4598-BC18-FE54D94D9CBE}"
EndProject
Project("{2150E333-8FDC-42A3-9474-1A3956D46DE8}") = "Data", "Data", "{455C83DA-098C-4D8C-892B-C8CF3AAB605A}"
EndProject
Project("{FAE04EC0-301F-11D3-BF4B-00C04F79EFBC}") = "DuRevitTools.DocGenerator", "DuRevitTools.DocGenerator\DuRevitTools.DocGenerator.csproj", "{582D240F-B43E-4CD4-9A63-53856D9F9E8B}"
EndProject
Project("{2150E333-8FDC-42A3-9474-1A3956D46DE8}") = "Analyzer", "Analyzer", "{4AE86696-D0E6-493F-AFC2-0347C2FD4158}"
EndProject
Project("{9A19103F-16F7-4668-BE54-9A1E7A4F7556}") = "DuRevitTools.Model", "DuRevitTools.Model\DuRevitTools.Model.csproj", "{1A2EE6A8-B36C-485B-8ADC-C5DFA50D9CB5}"
EndProject
Project("{9A19103F-16F7-4668-BE54-9A1E7A4F7556}") = "DuRevitTools.ModelTests", "DuRevitTools.ModelTests\DuRevitTools.ModelTests.csproj", "{68B91C0A-29AB-4900-9D3E-2F7BC358CD76}"
EndProject
Project("{9A19103F-16F7-4668-BE54-9A1E7A4F7556}") = "DuRevitTools.APIAnalyzer", "DuRevitTools.APIAnalyzer\DuRevitTools.APIAnalyzer\DuRevitTools.APIAnalyzer.csproj", "{A92DFA0F-DD54-4FFA-9F56-B832882EAAC1}"
EndProject
Project("{9A19103F-16F7-4668-BE54-9A1E7A4F7556}") = "DuRevitTools.APIAnalyzer.Test", "DuRevitTools.APIAnalyzer\DuRevitTools.APIAnalyzer.Test\DuRevitTools.APIAnalyzer.Test.csproj", "{320282F8-FB68-445C-B2FF-566BAF4962BF}"
EndProject
Project("{FAE04EC0-301F-11D3-BF4B-00C04F79EFBC}") = "DuRevitTools.APIAnalyzer.Vsix", "DuRevitTools.APIAnalyzer\DuRevitTools.APIAnalyzer.Vsix\DuRevitTools.APIAnalyzer.Vsix.csproj", "{9848D2B5-94ED-4427-81A9-B2BD57ADDB7B}"
EndProject
Project("{2150E333-8FDC-42A3-9474-1A3956D46DE8}") = "Service", "Service", "{059E1FE3-2C5B-4554-B6C8-9BA4567188B7}"
EndProject
Project("{FAE04EC0-301F-11D3-BF4B-00C04F79EFBC}") = "DuRevitTools.Service", "DuRevitTools.Service\DuRevitTools.Service.csproj", "{C0530E17-0B93-457C-9094-628129196FE8}"
EndProject
Project("{FAE04EC0-301F-11D3-BF4B-00C04F79EFBC}") = "DuRevitTools.ServiceTests", "DuRevitTools.ServiceTests\DuRevitTools.ServiceTests.csproj", "{F527A9C5-A2C9-4A17-9397-9FFB5E621666}"
EndProject
Global
	GlobalSection(SolutionConfigurationPlatforms) = preSolution
		Debug|Any CPU = Debug|Any CPU
		Release|Any CPU = Release|Any CPU
	EndGlobalSection
	GlobalSection(ProjectConfigurationPlatforms) = postSolution
		{DB5CD60F-3BDB-41B8-BBB6-5B07A29B303C}.Debug|Any CPU.ActiveCfg = Debug|Any CPU
		{DB5CD60F-3BDB-41B8-BBB6-5B07A29B303C}.Debug|Any CPU.Build.0 = Debug|Any CPU
		{DB5CD60F-3BDB-41B8-BBB6-5B07A29B303C}.Release|Any CPU.ActiveCfg = Release|Any CPU
		{DB5CD60F-3BDB-41B8-BBB6-5B07A29B303C}.Release|Any CPU.Build.0 = Release|Any CPU
		{B4EA498E-D926-43CB-8218-9F51C20BD896}.Debug|Any CPU.ActiveCfg = Debug|Any CPU
		{B4EA498E-D926-43CB-8218-9F51C20BD896}.Debug|Any CPU.Build.0 = Debug|Any CPU
		{B4EA498E-D926-43CB-8218-9F51C20BD896}.Release|Any CPU.ActiveCfg = Release|Any CPU
		{B4EA498E-D926-43CB-8218-9F51C20BD896}.Release|Any CPU.Build.0 = Release|Any CPU
		{582D240F-B43E-4CD4-9A63-53856D9F9E8B}.Debug|Any CPU.ActiveCfg = Debug|Any CPU
		{582D240F-B43E-4CD4-9A63-53856D9F9E8B}.Debug|Any CPU.Build.0 = Debug|Any CPU
		{582D240F-B43E-4CD4-9A63-53856D9F9E8B}.Release|Any CPU.ActiveCfg = Release|Any CPU
		{582D240F-B43E-4CD4-9A63-53856D9F9E8B}.Release|Any CPU.Build.0 = Release|Any CPU
		{1A2EE6A8-B36C-485B-8ADC-C5DFA50D9CB5}.Debug|Any CPU.ActiveCfg = Debug|Any CPU
		{1A2EE6A8-B36C-485B-8ADC-C5DFA50D9CB5}.Debug|Any CPU.Build.0 = Debug|Any CPU
		{1A2EE6A8-B36C-485B-8ADC-C5DFA50D9CB5}.Release|Any CPU.ActiveCfg = Release|Any CPU
		{1A2EE6A8-B36C-485B-8ADC-C5DFA50D9CB5}.Release|Any CPU.Build.0 = Release|Any CPU
		{68B91C0A-29AB-4900-9D3E-2F7BC358CD76}.Debug|Any CPU.ActiveCfg = Debug|Any CPU
		{68B91C0A-29AB-4900-9D3E-2F7BC358CD76}.Debug|Any CPU.Build.0 = Debug|Any CPU
		{68B91C0A-29AB-4900-9D3E-2F7BC358CD76}.Release|Any CPU.ActiveCfg = Release|Any CPU
		{68B91C0A-29AB-4900-9D3E-2F7BC358CD76}.Release|Any CPU.Build.0 = Release|Any CPU
		{A92DFA0F-DD54-4FFA-9F56-B832882EAAC1}.Debug|Any CPU.ActiveCfg = Debug|Any CPU
		{A92DFA0F-DD54-4FFA-9F56-B832882EAAC1}.Debug|Any CPU.Build.0 = Debug|Any CPU
		{A92DFA0F-DD54-4FFA-9F56-B832882EAAC1}.Release|Any CPU.ActiveCfg = Release|Any CPU
		{A92DFA0F-DD54-4FFA-9F56-B832882EAAC1}.Release|Any CPU.Build.0 = Release|Any CPU
		{320282F8-FB68-445C-B2FF-566BAF4962BF}.Debug|Any CPU.ActiveCfg = Debug|Any CPU
		{320282F8-FB68-445C-B2FF-566BAF4962BF}.Debug|Any CPU.Build.0 = Debug|Any CPU
		{320282F8-FB68-445C-B2FF-566BAF4962BF}.Release|Any CPU.ActiveCfg = Release|Any CPU
		{320282F8-FB68-445C-B2FF-566BAF4962BF}.Release|Any CPU.Build.0 = Release|Any CPU
		{9848D2B5-94ED-4427-81A9-B2BD57ADDB7B}.Debug|Any CPU.ActiveCfg = Debug|Any CPU
		{9848D2B5-94ED-4427-81A9-B2BD57ADDB7B}.Debug|Any CPU.Build.0 = Debug|Any CPU
		{9848D2B5-94ED-4427-81A9-B2BD57ADDB7B}.Release|Any CPU.ActiveCfg = Release|Any CPU
		{9848D2B5-94ED-4427-81A9-B2BD57ADDB7B}.Release|Any CPU.Build.0 = Release|Any CPU
		{C0530E17-0B93-457C-9094-628129196FE8}.Debug|Any CPU.ActiveCfg = Debug|Any CPU
		{C0530E17-0B93-457C-9094-628129196FE8}.Debug|Any CPU.Build.0 = Debug|Any CPU
		{C0530E17-0B93-457C-9094-628129196FE8}.Release|Any CPU.ActiveCfg = Release|Any CPU
		{C0530E17-0B93-457C-9094-628129196FE8}.Release|Any CPU.Build.0 = Release|Any CPU
		{F527A9C5-A2C9-4A17-9397-9FFB5E621666}.Debug|Any CPU.ActiveCfg = Debug|Any CPU
		{F527A9C5-A2C9-4A17-9397-9FFB5E621666}.Debug|Any CPU.Build.0 = Debug|Any CPU
		{F527A9C5-A2C9-4A17-9397-9FFB5E621666}.Release|Any CPU.ActiveCfg = Release|Any CPU
		{F527A9C5-A2C9-4A17-9397-9FFB5E621666}.Release|Any CPU.Build.0 = Release|Any CPU
	EndGlobalSection
	GlobalSection(SolutionProperties) = preSolution
		HideSolutionNode = FALSE
	EndGlobalSection
	GlobalSection(NestedProjects) = preSolution
		{B4EA498E-D926-43CB-8218-9F51C20BD896} = {ACFBA0CC-3E11-4598-BC18-FE54D94D9CBE}
		{582D240F-B43E-4CD4-9A63-53856D9F9E8B} = {455C83DA-098C-4D8C-892B-C8CF3AAB605A}
		{1A2EE6A8-B36C-485B-8ADC-C5DFA50D9CB5} = {455C83DA-098C-4D8C-892B-C8CF3AAB605A}
		{68B91C0A-29AB-4900-9D3E-2F7BC358CD76} = {ACFBA0CC-3E11-4598-BC18-FE54D94D9CBE}
		{A92DFA0F-DD54-4FFA-9F56-B832882EAAC1} = {4AE86696-D0E6-493F-AFC2-0347C2FD4158}
		{320282F8-FB68-445C-B2FF-566BAF4962BF} = {ACFBA0CC-3E11-4598-BC18-FE54D94D9CBE}
		{9848D2B5-94ED-4427-81A9-B2BD57ADDB7B} = {4AE86696-D0E6-493F-AFC2-0347C2FD4158}
		{C0530E17-0B93-457C-9094-628129196FE8} = {059E1FE3-2C5B-4554-B6C8-9BA4567188B7}
		{F527A9C5-A2C9-4A17-9397-9FFB5E621666} = {ACFBA0CC-3E11-4598-BC18-FE54D94D9CBE}
	EndGlobalSection
	GlobalSection(ExtensibilityGlobals) = postSolution
		SolutionGuid = {11036484-6CB7-4E00-897E-E5EF0CB42E67}
	EndGlobalSection
EndGlobal
